
Microsoft Visual Studio Solution File, Format Version 12.00
# Visual Studio 2015
Project("{FAE04EC0-301F-11D3-BF4B-00C04F79EFBC}") = "Assembly-CSharp", "Assembly-CSharp.csproj", "{57D06B15-407D-639D-4CE3-4E9D9D07974C}"
EndProject
Project("{FAE04EC0-301F-11D3-BF4B-00C04F79EFBC}") = "Assembly-CSharp-firstpass", "Assembly-CSharp-firstpass.csproj", "{28EE0664-D1E6-AFFF-4119-C359F1B132B7}"
EndProject
Project("{FAE04EC0-301F-11D3-BF4B-00C04F79EFBC}") = "Assembly-CSharp-Editor", "Assembly-CSharp-Editor.csproj", "{0A3F7F6A-4383-B31A-29BA-7DE5BDD5492F}"
EndProject
Global
	GlobalSection(SolutionConfigurationPlatforms) = preSolution
		Debug|Any CPU = Debug|Any CPU
		Release|Any CPU = Release|Any CPU
	EndGlobalSection
	GlobalSection(ProjectConfigurationPlatforms) = postSolution
		{57D06B15-407D-639D-4CE3-4E9D9D07974C}.Debug|Any CPU.ActiveCfg = Debug|Any CPU
		{57D06B15-407D-639D-4CE3-4E9D9D07974C}.Debug|Any CPU.Build.0 = Debug|Any CPU
		{57D06B15-407D-639D-4CE3-4E9D9D07974C}.Release|Any CPU.ActiveCfg = Release|Any CPU
		{57D06B15-407D-639D-4CE3-4E9D9D07974C}.Release|Any CPU.Build.0 = Release|Any CPU
		{28EE0664-D1E6-AFFF-4119-C359F1B132B7}.Debug|Any CPU.ActiveCfg = Debug|Any CPU
		{28EE0664-D1E6-AFFF-4119-C359F1B132B7}.Debug|Any CPU.Build.0 = Debug|Any CPU
		{28EE0664-D1E6-AFFF-4119-C359F1B132B7}.Release|Any CPU.ActiveCfg = Release|Any CPU
		{28EE0664-D1E6-AFFF-4119-C359F1B132B7}.Release|Any CPU.Build.0 = Release|Any CPU
		{0A3F7F6A-4383-B31A-29BA-7DE5BDD5492F}.Debug|Any CPU.ActiveCfg = Debug|Any CPU
		{0A3F7F6A-4383-B31A-29BA-7DE5BDD5492F}.Debug|Any CPU.Build.0 = Debug|Any CPU
		{0A3F7F6A-4383-B31A-29BA-7DE5BDD5492F}.Release|Any CPU.ActiveCfg = Release|Any CPU
		{0A3F7F6A-4383-B31A-29BA-7DE5BDD5492F}.Release|Any CPU.Build.0 = Release|Any CPU
	EndGlobalSection
	GlobalSection(SolutionProperties) = preSolution
		HideSolutionNode = FALSE
	EndGlobalSection
EndGlobal
